
Microsoft Visual Studio Solution File, Format Version 12.00
# Visual Studio 15
VisualStudioVersion = 15.0.27703.2035
MinimumVisualStudioVersion = 10.0.40219.1
Project("{FAE04EC0-301F-11D3-BF4B-00C04F79EFBC}") = "CoreDemo", "CoreDemo\CoreDemo.csproj", "{EA41967C-0C70-4907-BFB0-B5C86A895154}"
EndProject
Global
	GlobalSection(SolutionConfigurationPlatforms) = preSolution
		Debug|Any CPU = Debug|Any CPU
		Release|Any CPU = Release|Any CPU
	EndGlobalSection
	GlobalSection(ProjectConfigurationPlatforms) = postSolution
		{EA41967C-0C70-4907-BFB0-B5C86A895154}.Debug|Any CPU.ActiveCfg = Debug|Any CPU
		{EA41967C-0C70-4907-BFB0-B5C86A895154}.Debug|Any CPU.Build.0 = Debug|Any CPU
		{EA41967C-0C70-4907-BFB0-B5C86A895154}.Release|Any CPU.ActiveCfg = Release|Any CPU
		{EA41967C-0C70-4907-BFB0-B5C86A895154}.Release|Any CPU.Build.0 = Release|Any CPU
	EndGlobalSection
	GlobalSection(SolutionProperties) = preSolution
		HideSolutionNode = FALSE
	EndGlobalSection
	GlobalSection(ExtensibilityGlobals) = postSolution
		SolutionGuid = {5CC88E19-2873-47CF-B16C-05570964F230}
	EndGlobalSection
EndGlobal
